
Microsoft Visual Studio Solution File, Format Version 11.00
# Visual Studio 2010
Project("{FAE04EC0-301F-11D3-BF4B-00C04F79EFBC}") = "Assembly-CSharp", "Assembly-CSharp.csproj", "{869adc0c-998a-c5d2-f920-f72473d7fda4}"
EndProject
Project("{FAE04EC0-301F-11D3-BF4B-00C04F79EFBC}") = "Assembly-CSharp-Editor", "Assembly-CSharp-Editor.csproj", "{6426e38f-06cb-2b5b-8f15-b984d3e7f0d3}"
EndProject
Global
	GlobalSection(SolutionConfigurationPlatforms) = preSolution
		Debug|Any CPU = Debug|Any CPU
	EndGlobalSection
	GlobalSection(ProjectConfigurationPlatforms) = postSolution
		{869adc0c-998a-c5d2-f920-f72473d7fda4}.Debug|Any CPU.ActiveCfg = Debug|Any CPU
		{869adc0c-998a-c5d2-f920-f72473d7fda4}.Debug|Any CPU.Build.0 = Debug|Any CPU
		{6426e38f-06cb-2b5b-8f15-b984d3e7f0d3}.Debug|Any CPU.ActiveCfg = Debug|Any CPU
		{6426e38f-06cb-2b5b-8f15-b984d3e7f0d3}.Debug|Any CPU.Build.0 = Debug|Any CPU
	EndGlobalSection
	GlobalSection(SolutionProperties) = preSolution
		HideSolutionNode = FALSE
	EndGlobalSection
EndGlobal
